<?xml version="1.0" encoding="utf-8"?>
<Project ToolsVersion="4.0" xmlns="http://schemas.microsoft.com/developer/msbuild/2003">
  <ItemGroup>
    <Filter Include="Source Files">
      <UniqueIdentifier>{4FC737F1-C7A5-4376-A066-2A32D752A2FF}</UniqueIdentifier>
      <Extensions>cpp;c;cc;cxx;def;odl;idl;hpj;bat;asm;asmx</Extensions>
    </Filter>
    <Filter Include="Header Files">
      <UniqueIdentifier>{93995380-89BD-4b04-88EB-625FBE52EBFB}</UniqueIdentifier>
      <Extensions>h;hh;hpp;hxx;hm;inl;inc;xsd</Extensions>
    </Filter>
    <Filter Include="Resource Files">
      <UniqueIdentifier>{67DA6AB6-F800-4c08-8B7A-83BB121AAD01}</UniqueIdentifier>
      <Extensions>rc;ico;cur;bmp;dlg;rc2;rct;bin;rgs;gif;jpg;jpeg;jpe;resx;tiff;tif;png;wav;mfcribbon-ms</Extensions>
    </Filter>
    <Filter Include="Header Files\dialog">
      <UniqueIdentifier>{9ebc298f-4978-4cdc-9495-989fd806a250}</UniqueIdentifier>
    </Filter>
    <Filter Include="Source Files\dialog">
      <UniqueIdentifier>{53e01f17-9361-4303-a58a-2bba92e60c68}</UniqueIdentifier>
    </Filter>
    <Filter Include="Header Files\tubeManagment">
      <UniqueIdentifier>{d10f8afd-8042-4baf-98d9-cd3b0e04ba66}</UniqueIdentifier>
    </Filter>
    <Filter Include="Source Files\tubeManagment">
      <UniqueIdentifier>{25e1aac6-63b7-49cc-949c-d2139d0b5a3f}</UniqueIdentifier>
    </Filter>
    <Filter Include="Header Files\control">
      <UniqueIdentifier>{c51e8e59-701a-4b08-92e7-88468c83e976}</UniqueIdentifier>
    </Filter>
    <Filter Include="Source Files\control">
      <UniqueIdentifier>{d591b819-f75c-4f50-8d31-59799873198c}</UniqueIdentifier>
    </Filter>
  </ItemGroup>
  <ItemGroup>
    <ClCompile Include="main.cpp">
      <Filter>Source Files</Filter>
    </ClCompile>
    <ClCompile Include="BaseDialogWindow.cpp">
      <Filter>Source Files\dialog</Filter>
    </ClCompile>
    <ClCompile Include="MainWindow.cpp">
      <Filter>Source Files\dialog</Filter>
    </ClCompile>
    <ClCompile Include="tubeCollection.cpp">
      <Filter>Source Files\tubeManagment</Filter>
    </ClCompile>
    <ClCompile Include="TubeView.cpp">
      <Filter>Source Files\control</Filter>
    </ClCompile>
    <ClCompile Include="GameWindow.cpp">
      <Filter>Source Files\dialog</Filter>
    </ClCompile>
    <ClCompile Include="baseTube.cpp">
      <Filter>Source Files\tubeManagment</Filter>
    </ClCompile>
    <ClCompile Include="ImagePool.cpp">
      <Filter>Source Files\tubeManagment</Filter>
    </ClCompile>
    <ClCompile Include="BentPipe.cpp">
      <Filter>Source Files\tubeManagment</Filter>
    </ClCompile>
    <ClCompile Include="StraightPipe.cpp">
      <Filter>Source Files\tubeManagment</Filter>
    </ClCompile>
    <ClCompile Include="CrossPipe.cpp">
      <Filter>Source Files\tubeManagment</Filter>
    </ClCompile>
    <ClCompile Include="InformationWindow.cpp">
      <Filter>Source Files\dialog</Filter>
    </ClCompile>
    <ClCompile Include="LevelManager.cpp">
      <Filter>Source Files\tubeManagment</Filter>
    </ClCompile>
    <ClCompile Include="Level.cpp">
      <Filter>Source Files\tubeManagment</Filter>
    </ClCompile>
    <ClCompile Include="EmptyPipe.cpp">
      <Filter>Source Files\tubeManagment</Filter>
    </ClCompile>
    <ClCompile Include="Record.cpp">
      <Filter>Source Files</Filter>
    </ClCompile>
    <ClCompile Include="user.cpp">
      <Filter>Source Files</Filter>
    </ClCompile>
  </ItemGroup>
  <ItemGroup>
    <ClInclude Include="BaseDialogWindow.h">
      <Filter>Header Files\dialog</Filter>
    </ClInclude>
    <ClInclude Include="MainWindow.h">
      <Filter>Header Files\dialog</Filter>
    </ClInclude>
    <ClInclude Include="resource.h">
      <Filter>Header Files</Filter>
    </ClInclude>
    <ClInclude Include="Types.h">
      <Filter>Header Files</Filter>
    </ClInclude>
    <ClInclude Include="tubeCollection.h">
      <Filter>Header Files\tubeManagment</Filter>
    </ClInclude>
    <ClInclude Include="baseTube.h">
      <Filter>Header Files\tubeManagment</Filter>
    </ClInclude>
    <ClInclude Include="TubeView.h">
      <Filter>Header Files\control</Filter>
    </ClInclude>
    <ClInclude Include="GameWindow.h">
      <Filter>Header Files\dialog</Filter>
    </ClInclude>
    <ClInclude Include="BentPipe.h">
      <Filter>Header Files\tubeManagment</Filter>
    </ClInclude>
    <ClInclude Include="ImagePool.h">
      <Filter>Header Files\tubeManagment</Filter>
    </ClInclude>
    <ClInclude Include="StraightPipe.h">
      <Filter>Header Files\tubeManagment</Filter>
    </ClInclude>
    <ClInclude Include="CrossPipe.h">
      <Filter>Header Files\tubeManagment</Filter>
    </ClInclude>
    <ClInclude Include="InformationWindow.h">
      <Filter>Header Files\dialog</Filter>
    </ClInclude>
    <ClInclude Include="Pipes.h">
      <Filter>Header Files\tubeManagment</Filter>
    </ClInclude>
    <ClInclude Include="LevelManager.h">
      <Filter>Header Files\tubeManagment</Filter>
    </ClInclude>
    <ClInclude Include="EmptyPipe.h">
      <Filter>Header Files\tubeManagment</Filter>
    </ClInclude>
    <ClInclude Include="Level.h">
      <Filter>Header Files\tubeManagment</Filter>
    </ClInclude>
    <ClInclude Include="Record.h">
      <Filter>Header Files</Filter>
    </ClInclude>
    <ClInclude Include="user.h">
      <Filter>Header Files</Filter>
    </ClInclude>
  </ItemGroup>
  <ItemGroup>
    <ResourceCompile Include="Plumber.rc">
      <Filter>Resource Files</Filter>
    </ResourceCompile>
  </ItemGroup>
  <ItemGroup>
    <Image Include="Icon\unnamed.ico">
      <Filter>Resource Files</Filter>
    </Image>
  </ItemGroup>
</Project>